
Microsoft Visual Studio Solution File, Format Version 12.00
# Visual Studio Version 17
VisualStudioVersion = 17.3.32819.101
MinimumVisualStudioVersion = 10.0.40219.1
Project("{FAE04EC0-301F-11D3-BF4B-00C04F79EFBC}") = "DomainDrivenDesign", "DomainDrivenDesign.csproj", "{34D95803-39B8-4CE4-8FC0-9B9041CF6415}"
EndProject
Global
	GlobalSection(SolutionConfigurationPlatforms) = preSolution
		Debug|Any CPU = Debug|Any CPU
		Release|Any CPU = Release|Any CPU
	EndGlobalSection
	GlobalSection(ProjectConfigurationPlatforms) = postSolution
		{34D95803-39B8-4CE4-8FC0-9B9041CF6415}.Debug|Any CPU.ActiveCfg = Debug|Any CPU
		{34D95803-39B8-4CE4-8FC0-9B9041CF6415}.Debug|Any CPU.Build.0 = Debug|Any CPU
		{34D95803-39B8-4CE4-8FC0-9B9041CF6415}.Release|Any CPU.ActiveCfg = Release|Any CPU
		{34D95803-39B8-4CE4-8FC0-9B9041CF6415}.Release|Any CPU.Build.0 = Release|Any CPU
	EndGlobalSection
	GlobalSection(SolutionProperties) = preSolution
		HideSolutionNode = FALSE
	EndGlobalSection
	GlobalSection(ExtensibilityGlobals) = postSolution
		SolutionGuid = {4EBA6318-CB91-42D0-9A4D-DFCA19AA480D}
	EndGlobalSection
EndGlobal
